{
  "name": ".agents",
  "lockfileVersion": 3,
  "requires": true,
  "packages": {
    "": {
      "dependencies": {
        "skills": "^1.5.2"
      }
    },
    "node_modules/skills": {
      "version": "1.5.2",
      "resolved": "https://registry.npmjs.org/skills/-/skills-1.5.2.tgz",
      "integrity": "sha512-ERMYM+UpIYi8+8zj8jiknOx5Z1eX7TkCyZfJv8jNfq3cVd49lj3lrIfQ4M4LWGEd1zXEZD5tuRKC1PRhqeyZyA==",
      "license": "MIT",
      "dependencies": {
        "yaml": "^2.8.3"
      },
      "bin": {
        "add-skill": "bin/cli.mjs",
        "skills": "bin/cli.mjs"
      },
      "engines": {
        "node": ">=18"
      }
    },
    "node_modules/yaml": {
      "version": "2.8.3",
      "resolved": "https://registry.npmjs.org/yaml/-/yaml-2.8.3.tgz",
      "integrity": "sha512-AvbaCLOO2Otw/lW5bmh9d/WEdcDFdQp2Z2ZUH3pX9U2ihyUY0nvLv7J6TrWowklRGPYbB/IuIMfYgxaCPg5Bpg==",
      "license": "ISC",
      "bin": {
        "yaml": "bin.mjs"
      },
      "engines": {
        "node": ">= 14.6"
      },
      "funding": {
        "url": "https://github.com/sponsors/eemeli"
      }
    }
  }
}
